
Microsoft Visual Studio Solution File, Format Version 12.00
# Visual Studio Version 17
VisualStudioVersion = 17.5.002.0
MinimumVisualStudioVersion = 10.0.40219.1
Project("{2150E333-8FDC-42A3-9474-1A3956D46DE8}") = "src", "src", "{D372F8D7-E5C4-42AF-9EF1-4CC16A7EDFC5}"
EndProject
Project("{9A19103F-16F7-4668-BE54-9A1E7A4F7556}") = "App", "src\App\App.csproj", "{122CD313-CC2B-46FD-A73D-CC50530B28FC}"
EndProject
Project("{9A19103F-16F7-4668-BE54-9A1E7A4F7556}") = "Logic", "src\Logic\Logic.csproj", "{052D0EED-FA59-4EA0-A395-19921CFA4538}"
EndProject
Global
	GlobalSection(SolutionConfigurationPlatforms) = preSolution
		Debug|Any CPU = Debug|Any CPU
		Release|Any CPU = Release|Any CPU
	EndGlobalSection
	GlobalSection(ProjectConfigurationPlatforms) = postSolution
		{122CD313-CC2B-46FD-A73D-CC50530B28FC}.Debug|Any CPU.ActiveCfg = Debug|Any CPU
		{122CD313-CC2B-46FD-A73D-CC50530B28FC}.Debug|Any CPU.Build.0 = Debug|Any CPU
		{122CD313-CC2B-46FD-A73D-CC50530B28FC}.Release|Any CPU.ActiveCfg = Release|Any CPU
		{122CD313-CC2B-46FD-A73D-CC50530B28FC}.Release|Any CPU.Build.0 = Release|Any CPU
		{052D0EED-FA59-4EA0-A395-19921CFA4538}.Debug|Any CPU.ActiveCfg = Debug|Any CPU
		{052D0EED-FA59-4EA0-A395-19921CFA4538}.Debug|Any CPU.Build.0 = Debug|Any CPU
		{052D0EED-FA59-4EA0-A395-19921CFA4538}.Release|Any CPU.ActiveCfg = Release|Any CPU
		{052D0EED-FA59-4EA0-A395-19921CFA4538}.Release|Any CPU.Build.0 = Release|Any CPU
	EndGlobalSection
	GlobalSection(SolutionProperties) = preSolution
		HideSolutionNode = FALSE
	EndGlobalSection
	GlobalSection(NestedProjects) = preSolution
		{122CD313-CC2B-46FD-A73D-CC50530B28FC} = {D372F8D7-E5C4-42AF-9EF1-4CC16A7EDFC5}
		{052D0EED-FA59-4EA0-A395-19921CFA4538} = {D372F8D7-E5C4-42AF-9EF1-4CC16A7EDFC5}
	EndGlobalSection
	GlobalSection(ExtensibilityGlobals) = postSolution
		SolutionGuid = {BF099D08-9D7D-4EC9-A3B7-D2D1F3972468}
	EndGlobalSection
EndGlobal
