
Microsoft Visual Studio Solution File, Format Version 12.00
# Visual Studio Version 17
VisualStudioVersion = 17.5.002.0
MinimumVisualStudioVersion = 10.0.40219.1
Project("{2150E333-8FDC-42A3-9474-1A3956D46DE8}") = "src", "src", "{C152BDD3-A443-4BBC-8270-94CDCE0BFC1F}"
EndProject
Project("{9A19103F-16F7-4668-BE54-9A1E7A4F7556}") = "App", "src\App\App.csproj", "{5D34920D-D9D3-476A-9471-12D391B62A2E}"
EndProject
Project("{9A19103F-16F7-4668-BE54-9A1E7A4F7556}") = "Common", "src\Common\Common.csproj", "{2CA4F05F-FF62-4EC9-A9D0-F70CAD5C4697}"
EndProject
Project("{9A19103F-16F7-4668-BE54-9A1E7A4F7556}") = "Logic", "src\Logic\Logic.csproj", "{1829A369-57BD-4601-B02F-90CBF7978D7C}"
EndProject
Global
	GlobalSection(SolutionConfigurationPlatforms) = preSolution
		Debug|Any CPU = Debug|Any CPU
		Release|Any CPU = Release|Any CPU
	EndGlobalSection
	GlobalSection(ProjectConfigurationPlatforms) = postSolution
		{5D34920D-D9D3-476A-9471-12D391B62A2E}.Debug|Any CPU.ActiveCfg = Debug|Any CPU
		{5D34920D-D9D3-476A-9471-12D391B62A2E}.Debug|Any CPU.Build.0 = Debug|Any CPU
		{5D34920D-D9D3-476A-9471-12D391B62A2E}.Release|Any CPU.ActiveCfg = Release|Any CPU
		{5D34920D-D9D3-476A-9471-12D391B62A2E}.Release|Any CPU.Build.0 = Release|Any CPU
		{2CA4F05F-FF62-4EC9-A9D0-F70CAD5C4697}.Debug|Any CPU.ActiveCfg = Debug|Any CPU
		{2CA4F05F-FF62-4EC9-A9D0-F70CAD5C4697}.Debug|Any CPU.Build.0 = Debug|Any CPU
		{2CA4F05F-FF62-4EC9-A9D0-F70CAD5C4697}.Release|Any CPU.ActiveCfg = Release|Any CPU
		{2CA4F05F-FF62-4EC9-A9D0-F70CAD5C4697}.Release|Any CPU.Build.0 = Release|Any CPU
		{1829A369-57BD-4601-B02F-90CBF7978D7C}.Debug|Any CPU.ActiveCfg = Debug|Any CPU
		{1829A369-57BD-4601-B02F-90CBF7978D7C}.Debug|Any CPU.Build.0 = Debug|Any CPU
		{1829A369-57BD-4601-B02F-90CBF7978D7C}.Release|Any CPU.ActiveCfg = Release|Any CPU
		{1829A369-57BD-4601-B02F-90CBF7978D7C}.Release|Any CPU.Build.0 = Release|Any CPU
	EndGlobalSection
	GlobalSection(SolutionProperties) = preSolution
		HideSolutionNode = FALSE
	EndGlobalSection
	GlobalSection(NestedProjects) = preSolution
		{5D34920D-D9D3-476A-9471-12D391B62A2E} = {C152BDD3-A443-4BBC-8270-94CDCE0BFC1F}
		{2CA4F05F-FF62-4EC9-A9D0-F70CAD5C4697} = {C152BDD3-A443-4BBC-8270-94CDCE0BFC1F}
		{1829A369-57BD-4601-B02F-90CBF7978D7C} = {C152BDD3-A443-4BBC-8270-94CDCE0BFC1F}
	EndGlobalSection
	GlobalSection(ExtensibilityGlobals) = postSolution
		SolutionGuid = {AE0AAF28-0FA3-4322-9282-8A111304AB0B}
	EndGlobalSection
EndGlobal
